
Microsoft Visual Studio Solution File, Format Version 12.00
# Visual Studio Version 17
VisualStudioVersion = 17.5.33414.496
MinimumVisualStudioVersion = 10.0.40219.1
Project("{9A19103F-16F7-4668-BE54-9A1E7A4F7556}") = "Steam Account Switch", "Steam Account Switch\Steam Account Switch.csproj", "{8EAD6576-D24E-487F-9032-3142351A73E2}"
EndProject
Project("{54435603-DBB4-11D2-8724-00A0C9A8B90C}") = "SteamAccountSwitcherSetup", "SteamAccountSwitcherSetup\SteamAccountSwitcherSetup.vdproj", "{829F7A6A-62B1-41B3-8B13-1E8A6ED8BA75}"
EndProject
Global
	GlobalSection(SolutionConfigurationPlatforms) = preSolution
		Debug|Any CPU = Debug|Any CPU
		Release|Any CPU = Release|Any CPU
	EndGlobalSection
	GlobalSection(ProjectConfigurationPlatforms) = postSolution
		{8EAD6576-D24E-487F-9032-3142351A73E2}.Debug|Any CPU.ActiveCfg = Debug|Any CPU
		{8EAD6576-D24E-487F-9032-3142351A73E2}.Debug|Any CPU.Build.0 = Debug|Any CPU
		{8EAD6576-D24E-487F-9032-3142351A73E2}.Release|Any CPU.ActiveCfg = Release|Any CPU
		{8EAD6576-D24E-487F-9032-3142351A73E2}.Release|Any CPU.Build.0 = Release|Any CPU
		{829F7A6A-62B1-41B3-8B13-1E8A6ED8BA75}.Debug|Any CPU.ActiveCfg = Debug
		{829F7A6A-62B1-41B3-8B13-1E8A6ED8BA75}.Release|Any CPU.ActiveCfg = Release
	EndGlobalSection
	GlobalSection(SolutionProperties) = preSolution
		HideSolutionNode = FALSE
	EndGlobalSection
	GlobalSection(ExtensibilityGlobals) = postSolution
		SolutionGuid = {093538B4-6AAC-4588-900E-79EC6068E13D}
	EndGlobalSection
EndGlobal
